// !$*UTF8*$!
{
	archiveVersion = 1;
	classes = {
	};
	objectVersion = 48;
	objects = {

/* Begin PBXBuildFile section */
		ED08EA4B1FEAA873009CA1CA /* AppDelegate.m in Sources */ = {isa = PBXBuildFile; fileRef = ED08EA4A1FEAA873009CA1CA /* AppDelegate.m */; };
		ED08EA4E1FEAA873009CA1CA /* ViewController.m in Sources */ = {isa = PBXBuildFile; fileRef = ED08EA4D1FEAA873009CA1CA /* ViewController.m */; };
		ED08EA511FEAA873009CA1CA /* Main.storyboard in Resources */ = {isa = PBXBuildFile; fileRef = ED08EA4F1FEAA873009CA1CA /* Main.storyboard */; };
		ED08EA531FEAA873009CA1CA /* Assets.xcassets in Resources */ = {isa = PBXBuildFile; fileRef = ED08EA521FEAA873009CA1CA /* Assets.xcassets */; };
		ED08EA561FEAA873009CA1CA /* LaunchScreen.storyboard in Resources */ = {isa = PBXBuildFile; fileRef = ED08EA541FEAA873009CA1CA /* LaunchScreen.storyboard */; };
		ED08EA591FEAA873009CA1CA /* main.m in Sources */ = {isa = PBXBuildFile; fileRef = ED08EA581FEAA873009CA1CA /* main.m */; };
		ED08EA631FEAA9F8009CA1CA /* XBGradientColorView.m in Sources */ = {isa = PBXBuildFile; fileRef = ED08EA621FEAA9F8009CA1CA /* XBGradientColorView.m */; };
		ED08EA661FEAAA20009CA1CA /* XBExpandButton.m in Sources */ = {isa = PBXBuildFile; fileRef = ED08EA651FEAAA20009CA1CA /* XBExpandButton.m */; };
/* End PBXBuildFile section */

/* Begin PBXFileReference section */
		ED08EA461FEAA873009CA1CA /* XBExpandViews.app */ = {isa = PBXFileReference; explicitFileType = wrapper.application; includeInIndex = 0; path = XBExpandViews.app; sourceTree = BUILT_PRODUCTS_DIR; };
		ED08EA491FEAA873009CA1CA /* AppDelegate.h */ = {isa = PBXFileReference; lastKnownFileType = sourcecode.c.h; path = AppDelegate.h; sourceTree = "<group>"; };
		ED08EA4A1FEAA873009CA1CA /* AppDelegate.m */ = {isa = PBXFileReference; lastKnownFileType = sourcecode.c.objc; path = AppDelegate.m; sourceTree = "<group>"; };
		ED08EA4C1FEAA873009CA1CA /* ViewController.h */ = {isa = PBXFileReference; lastKnownFileType = sourcecode.c.h; path = ViewController.h; sourceTree = "<group>"; };
		ED08EA4D1FEAA873009CA1CA /* ViewController.m */ = {isa = PBXFileReference; lastKnownFileType = sourcecode.c.objc; path = ViewController.m; sourceTree = "<group>"; };
		ED08EA501FEAA873009CA1CA /* Base */ = {isa = PBXFileReference; lastKnownFileType = file.storyboard; name = Base; path = Base.lproj/Main.storyboard; sourceTree = "<group>"; };
		ED08EA521FEAA873009CA1CA /* Assets.xcassets */ = {isa = PBXFileReference; lastKnownFileType = folder.assetcatalog; path = Assets.xcassets; sourceTree = "<group>"; };
		ED08EA551FEAA873009CA1CA /* Base */ = {isa = PBXFileReference; lastKnownFileType = file.storyboard; name = Base; path = Base.lproj/LaunchScreen.storyboard; sourceTree = "<group>"; };
		ED08EA571FEAA873009CA1CA /* Info.plist */ = {isa = PBXFileReference; lastKnownFileType = text.plist.xml; path = Info.plist; sourceTree = "<group>"; };
		ED08EA581FEAA873009CA1CA /* main.m */ = {isa = PBXFileReference; lastKnownFileType = sourcecode.c.objc; path = main.m; sourceTree = "<group>"; };
		ED08EA611FEAA9F8009CA1CA /* XBGradientColorView.h */ = {isa = PBXFileReference; lastKnownFileType = sourcecode.c.h; path = XBGradientColorView.h; sourceTree = "<group>"; };
		ED08EA621FEAA9F8009CA1CA /* XBGradientColorView.m */ = {isa = PBXFileReference; lastKnownFileType = sourcecode.c.objc; path = XBGradientColorView.m; sourceTree = "<group>"; };
		ED08EA641FEAAA20009CA1CA /* XBExpandButton.h */ = {isa = PBXFileReference; lastKnownFileType = sourcecode.c.h; path = XBExpandButton.h; sourceTree = "<group>"; };
		ED08EA651FEAAA20009CA1CA /* XBExpandButton.m */ = {isa = PBXFileReference; lastKnownFileType = sourcecode.c.objc; path = XBExpandButton.m; sourceTree = "<group>"; };
/* End PBXFileReference section */

/* Begin PBXFrameworksBuildPhase section */
		ED08EA431FEAA873009CA1CA /* Frameworks */ = {
			isa = PBXFrameworksBuildPhase;
			buildActionMask = 2147483647;
			files = (
			);
			runOnlyForDeploymentPostprocessing = 0;
		};
/* End PBXFrameworksBuildPhase section */

/* Begin PBXGroup section */
		ED08EA3D1FEAA873009CA1CA = {
			isa = PBXGroup;
			children = (
				ED08EA481FEAA873009CA1CA /* XBExpandViews */,
				ED08EA471FEAA873009CA1CA /* Products */,
			);
			sourceTree = "<group>";
		};
		ED08EA471FEAA873009CA1CA /* Products */ = {
			isa = PBXGroup;
			children = (
				ED08EA461FEAA873009CA1CA /* XBExpandViews.app */,
			);
			name = Products;
			sourceTree = "<group>";
		};
		ED08EA481FEAA873009CA1CA /* XBExpandViews */ = {
			isa = PBXGroup;
			children = (
				ED08EA601FEAA9D7009CA1CA /* XBExpandButton */,
				ED08EA5F1FEAA9D6009CA1CA /* XBGradientColorView */,
				ED08EA491FEAA873009CA1CA /* AppDelegate.h */,
				ED08EA4A1FEAA873009CA1CA /* AppDelegate.m */,
				ED08EA4C1FEAA873009CA1CA /* ViewController.h */,
				ED08EA4D1FEAA873009CA1CA /* ViewController.m */,
				ED08EA4F1FEAA873009CA1CA /* Main.storyboard */,
				ED08EA521FEAA873009CA1CA /* Assets.xcassets */,
				ED08EA541FEAA873009CA1CA /* LaunchScreen.storyboard */,
				ED08EA571FEAA873009CA1CA /* Info.plist */,
				ED08EA581FEAA873009CA1CA /* main.m */,
			);
			path = XBExpandViews;
			sourceTree = "<group>";
		};
		ED08EA5F1FEAA9D6009CA1CA /* XBGradientColorView */ = {
			isa = PBXGroup;
			children = (
				ED08EA611FEAA9F8009CA1CA /* XBGradientColorView.h */,
				ED08EA621FEAA9F8009CA1CA /* XBGradientColorView.m */,
			);
			path = XBGradientColorView;
			sourceTree = "<group>";
		};
		ED08EA601FEAA9D7009CA1CA /* XBExpandButton */ = {
			isa = PBXGroup;
			children = (
				ED08EA641FEAAA20009CA1CA /* XBExpandButton.h */,
				ED08EA651FEAAA20009CA1CA /* XBExpandButton.m */,
			);
			path = XBExpandButton;
			sourceTree = "<group>";
		};
/* End PBXGroup section */

/* Begin PBXNativeTarget section */
		ED08EA451FEAA873009CA1CA /* XBExpandViews */ = {
			isa = PBXNativeTarget;
			buildConfigurationList = ED08EA5C1FEAA873009CA1CA /* Build configuration list for PBXNativeTarget "XBExpandViews" */;
			buildPhases = (
				ED08EA421FEAA873009CA1CA /* Sources */,
				ED08EA431FEAA873009CA1CA /* Frameworks */,
				ED08EA441FEAA873009CA1CA /* Resources */,
			);
			buildRules = (
			);
			dependencies = (
			);
			name = XBExpandViews;
			productName = XBExpandViews;
			productReference = ED08EA461FEAA873009CA1CA /* XBExpandViews.app */;
			productType = "com.apple.product-type.application";
		};
/* End PBXNativeTarget section */

/* Begin PBXProject section */
		ED08EA3E1FEAA873009CA1CA /* Project object */ = {
			isa = PBXProject;
			attributes = {
				LastUpgradeCheck = 0920;
				ORGANIZATIONNAME = XBingo;
				TargetAttributes = {
					ED08EA451FEAA873009CA1CA = {
						CreatedOnToolsVersion = 9.2;
						ProvisioningStyle = Automatic;
					};
				};
			};
			buildConfigurationList = ED08EA411FEAA873009CA1CA /* Build configuration list for PBXProject "XBExpandViews" */;
			compatibilityVersion = "Xcode 8.0";
			developmentRegion = en;
			hasScannedForEncodings = 0;
			knownRegions = (
				en,
				Base,
			);
			mainGroup = ED08EA3D1FEAA873009CA1CA;
			productRefGroup = ED08EA471FEAA873009CA1CA /* Products */;
			projectDirPath = "";
			projectRoot = "";
			targets = (
				ED08EA451FEAA873009CA1CA /* XBExpandViews */,
			);
		};
/* End PBXProject section */

/* Begin PBXResourcesBuildPhase section */
		ED08EA441FEAA873009CA1CA /* Resources */ = {
			isa = PBXResourcesBuildPhase;
			buildActionMask = 2147483647;
			files = (
				ED08EA561FEAA873009CA1CA /* LaunchScreen.storyboard in Resources */,
				ED08EA531FEAA873009CA1CA /* Assets.xcassets in Resources */,
				ED08EA511FEAA873009CA1CA /* Main.storyboard in Resources */,
			);
			runOnlyForDeploymentPostprocessing = 0;
		};
/* End PBXResourcesBuildPhase section */

/* Begin PBXSourcesBuildPhase section */
		ED08EA421FEAA873009CA1CA /* Sources */ = {
			isa = PBXSourcesBuildPhase;
			buildActionMask = 2147483647;
			files = (
				ED08EA4E1FEAA873009CA1CA /* ViewController.m in Sources */,
				ED08EA591FEAA873009CA1CA /* main.m in Sources */,
				ED08EA631FEAA9F8009CA1CA /* XBGradientColorView.m in Sources */,
				ED08EA4B1FEAA873009CA1CA /* AppDelegate.m in Sources */,
				ED08EA661FEAAA20009CA1CA /* XBExpandButton.m in Sources */,
			);
			runOnlyForDeploymentPostprocessing = 0;
		};
/* End PBXSourcesBuildPhase section */

/* Begin PBXVariantGroup section */
		ED08EA4F1FEAA873009CA1CA /* Main.storyboard */ = {
			isa = PBXVariantGroup;
			children = (
				ED08EA501FEAA873009CA1CA /* Base */,
			);
			name = Main.storyboard;
			sourceTree = "<group>";
		};
		ED08EA541FEAA873009CA1CA /* LaunchScreen.storyboard */ = {
			isa = PBXVariantGroup;
			children = (
				ED08EA551FEAA873009CA1CA /* Base */,
			);
			name = LaunchScreen.storyboard;
			sourceTree = "<group>";
		};
/* End PBXVariantGroup section */

/* Begin XCBuildConfiguration section */
		ED08EA5A1FEAA873009CA1CA /* Debug */ = {
			isa = XCBuildConfiguration;
			buildSettings = {
				ALWAYS_SEARCH_USER_PATHS = NO;
				CLANG_ANALYZER_NONNULL = YES;
				CLANG_ANALYZER_NUMBER_OBJECT_CONVERSION = YES_AGGRESSIVE;
				CLANG_CXX_LANGUAGE_STANDARD = "gnu++14";
				CLANG_CXX_LIBRARY = "libc++";
				CLANG_ENABLE_MODULES = YES;
				CLANG_ENABLE_OBJC_ARC = YES;
				CLANG_WARN_BLOCK_CAPTURE_AUTORELEASING = YES;
				CLANG_WARN_BOOL_CONVERSION = YES;
				CLANG_WARN_COMMA = YES;
				CLANG_WARN_CONSTANT_CONVERSION = YES;
				CLANG_WARN_DIRECT_OBJC_ISA_USAGE = YES_ERROR;
				CLANG_WARN_DOCUMENTATION_COMMENTS = YES;
				CLANG_WARN_EMPTY_BODY = YES;
				CLANG_WARN_ENUM_CONVERSION = YES;
				CLANG_WARN_INFINITE_RECURSION = YES;
				CLANG_WARN_INT_CONVERSION = YES;
				CLANG_WARN_NON_LITERAL_NULL_CONVERSION = YES;
				CLANG_WARN_OBJC_LITERAL_CONVERSION = YES;
				CLANG_WARN_OBJC_ROOT_CLASS = YES_ERROR;
				CLANG_WARN_RANGE_LOOP_ANALYSIS = YES;
				CLANG_WARN_STRICT_PROTOTYPES = YES;
				CLANG_WARN_SUSPICIOUS_MOVE = YES;
				CLANG_WARN_UNGUARDED_AVAILABILITY = YES_AGGRESSIVE;
				CLANG_WARN_UNREACHABLE_CODE = YES;
				CLANG_WARN__DUPLICATE_METHOD_MATCH = YES;
				CODE_SIGN_IDENTITY = "iPhone Developer";
				COPY_PHASE_STRIP = NO;
				DEBUG_INFORMATION_FORMAT = dwarf;
				ENABLE_STRICT_OBJC_MSGSEND = YES;
				ENABLE_TESTABILITY = YES;
				GCC_C_LANGUAGE_STANDARD = gnu11;
				GCC_DYNAMIC_NO_PIC = NO;
				GCC_NO_COMMON_BLOCKS = YES;
				GCC_OPTIMIZATION_LEVEL = 0;
				GCC_PREPROCESSOR_DEFINITIONS = (
					"DEBUG=1",
					"$(inherited)",
				);
				GCC_WARN_64_TO_32_BIT_CONVERSION = YES;
				GCC_WARN_ABOUT_RETURN_TYPE = YES_ERROR;
				GCC_WARN_UNDECLARED_SELECTOR = YES;
				GCC_WARN_UNINITIALIZED_AUTOS = YES_AGGRESSIVE;
				GCC_WARN_UNUSED_FUNCTION = YES;
				GCC_WARN_UNUSED_VARIABLE = YES;
				IPHONEOS_DEPLOYMENT_TARGET = 11.2;
				MTL_ENABLE_DEBUG_INFO = YES;
				ONLY_ACTIVE_ARCH = YES;
				SDKROOT = iphoneos;
			};
			name = Debug;
		};
		ED08EA5B1FEAA873009CA1CA /* Release */ = {
			isa = XCBuildConfiguration;
			buildSettings = {
				ALWAYS_SEARCH_USER_PATHS = NO;
				CLANG_ANALYZER_NONNULL = YES;
				CLANG_ANALYZER_NUMBER_OBJECT_CONVERSION = YES_AGGRESSIVE;
				CLANG_CXX_LANGUAGE_STANDARD = "gnu++14";
				CLANG_CXX_LIBRARY = "libc++";
				CLANG_ENABLE_MODULES = YES;
				CLANG_ENABLE_OBJC_ARC = YES;
				CLANG_WARN_BLOCK_CAPTURE_AUTORELEASING = YES;
				CLANG_WARN_BOOL_CONVERSION = YES;
				CLANG_WARN_COMMA = YES;
				CLANG_WARN_CONSTANT_CONVERSION = YES;
				CLANG_WARN_DIRECT_OBJC_ISA_USAGE = YES_ERROR;
				CLANG_WARN_DOCUMENTATION_COMMENTS = YES;
				CLANG_WARN_EMPTY_BODY = YES;
				CLANG_WARN_ENUM_CONVERSION = YES;
				CLANG_WARN_INFINITE_RECURSION = YES;
				CLANG_WARN_INT_CONVERSION = YES;
				CLANG_WARN_NON_LITERAL_NULL_CONVERSION = YES;
				CLANG_WARN_OBJC_LITERAL_CONVERSION = YES;
				CLANG_WARN_OBJC_ROOT_CLASS = YES_ERROR;
				CLANG_WARN_RANGE_LOOP_ANALYSIS = YES;
				CLANG_WARN_STRICT_PROTOTYPES = YES;
				CLANG_WARN_SUSPICIOUS_MOVE = YES;
				CLANG_WARN_UNGUARDED_AVAILABILITY = YES_AGGRESSIVE;
				CLANG_WARN_UNREACHABLE_CODE = YES;
				CLANG_WARN__DUPLICATE_METHOD_MATCH = YES;
				CODE_SIGN_IDENTITY = "iPhone Developer";
				COPY_PHASE_STRIP = NO;
				DEBUG_INFORMATION_FORMAT = "dwarf-with-dsym";
				ENABLE_NS_ASSERTIONS = NO;
				ENABLE_STRICT_OBJC_MSGSEND = YES;
				GCC_C_LANGUAGE_STANDARD = gnu11;
				GCC_NO_COMMON_BLOCKS = YES;
				GCC_WARN_64_TO_32_BIT_CONVERSION = YES;
				GCC_WARN_ABOUT_RETURN_TYPE = YES_ERROR;
				GCC_WARN_UNDECLARED_SELECTOR = YES;
				GCC_WARN_UNINITIALIZED_AUTOS = YES_AGGRESSIVE;
				GCC_WARN_UNUSED_FUNCTION = YES;
				GCC_WARN_UNUSED_VARIABLE = YES;
				IPHONEOS_DEPLOYMENT_TARGET = 11.2;
				MTL_ENABLE_DEBUG_INFO = NO;
				SDKROOT = iphoneos;
				VALIDATE_PRODUCT = YES;
			};
			name = Release;
		};
		ED08EA5D1FEAA873009CA1CA /* Debug */ = {
			isa = XCBuildConfiguration;
			buildSettings = {
				ASSETCATALOG_COMPILER_APPICON_NAME = AppIcon;
				CODE_SIGN_STYLE = Automatic;
				INFOPLIST_FILE = XBExpandViews/Info.plist;
				IPHONEOS_DEPLOYMENT_TARGET = 8.0;
				LD_RUNPATH_SEARCH_PATHS = "$(inherited) @executable_path/Frameworks";
				PRODUCT_BUNDLE_IDENTIFIER = com.xbingo.XBExpandViews;
				PRODUCT_NAME = "$(TARGET_NAME)";
				TARGETED_DEVICE_FAMILY = "1,2";
			};
			name = Debug;
		};
		ED08EA5E1FEAA873009CA1CA /* Release */ = {
			isa = XCBuildConfiguration;
			buildSettings = {
				ASSETCATALOG_COMPILER_APPICON_NAME = AppIcon;
				CODE_SIGN_STYLE = Automatic;
				INFOPLIST_FILE = XBExpandViews/Info.plist;
				IPHONEOS_DEPLOYMENT_TARGET = 8.0;
				LD_RUNPATH_SEARCH_PATHS = "$(inherited) @executable_path/Frameworks";
				PRODUCT_BUNDLE_IDENTIFIER = com.xbingo.XBExpandViews;
				PRODUCT_NAME = "$(TARGET_NAME)";
				TARGETED_DEVICE_FAMILY = "1,2";
			};
			name = Release;
		};
/* End XCBuildConfiguration section */

/* Begin XCConfigurationList section */
		ED08EA411FEAA873009CA1CA /* Build configuration list for PBXProject "XBExpandViews" */ = {
			isa = XCConfigurationList;
			buildConfigurations = (
				ED08EA5A1FEAA873009CA1CA /* Debug */,
				ED08EA5B1FEAA873009CA1CA /* Release */,
			);
			defaultConfigurationIsVisible = 0;
			defaultConfigurationName = Release;
		};
		ED08EA5C1FEAA873009CA1CA /* Build configuration list for PBXNativeTarget "XBExpandViews" */ = {
			isa = XCConfigurationList;
			buildConfigurations = (
				ED08EA5D1FEAA873009CA1CA /* Debug */,
				ED08EA5E1FEAA873009CA1CA /* Release */,
			);
			defaultConfigurationIsVisible = 0;
			defaultConfigurationName = Release;
		};
/* End XCConfigurationList section */
	};
	rootObject = ED08EA3E1FEAA873009CA1CA /* Project object */;
}
